
Microsoft Visual Studio Solution File, Format Version 12.00
# Visual Studio Version 17
VisualStudioVersion = 17.10.34916.146
MinimumVisualStudioVersion = 10.0.40219.1
Project("{FAE04EC0-301F-11D3-BF4B-00C04F79EFBC}") = "WebApplication1", "WebApplication1.csproj", "{A020561A-266F-438B-B130-FCFFEF424FA1}"
EndProject
Global
	GlobalSection(SolutionConfigurationPlatforms) = preSolution
		Debug|Any CPU = Debug|Any CPU
		Release|Any CPU = Release|Any CPU
	EndGlobalSection
	GlobalSection(ProjectConfigurationPlatforms) = postSolution
		{A020561A-266F-438B-B130-FCFFEF424FA1}.Debug|Any CPU.ActiveCfg = Debug|Any CPU
		{A020561A-266F-438B-B130-FCFFEF424FA1}.Debug|Any CPU.Build.0 = Debug|Any CPU
		{A020561A-266F-438B-B130-FCFFEF424FA1}.Release|Any CPU.ActiveCfg = Release|Any CPU
		{A020561A-266F-438B-B130-FCFFEF424FA1}.Release|Any CPU.Build.0 = Release|Any CPU
	EndGlobalSection
	GlobalSection(SolutionProperties) = preSolution
		HideSolutionNode = FALSE
	EndGlobalSection
	GlobalSection(ExtensibilityGlobals) = postSolution
		SolutionGuid = {348EDA59-FC9D-47B2-B37C-AEA5DE2E1085}
	EndGlobalSection
EndGlobal
